Microsoft Visual Studio Solution File, Format Version 12.00
# Visual Studio Version 17
VisualStudioVersion = 17.5.2.0
MinimumVisualStudioVersion = 10.0.40219.1
Project("{2150E333-8FDC-42A3-9474-1A3956D46DE8}") = "src", "src", "{827E0CD3-B72D-47B6-A68D-7590B98EB39B}"
EndProject
Project("{FAE04EC0-301F-11D3-BF4B-00C04F79EFBC}") = "SmuggleDemo", "src\SmuggleDemo\SmuggleDemo.csproj", "{A8F68A22-654D-2A2E-CA20-CF0D7922E78A}"
EndProject
Global
	GlobalSection(SolutionConfigurationPlatforms) = preSolution
		Debug|Any CPU = Debug|Any CPU
		Release|Any CPU = Release|Any CPU
	EndGlobalSection
	GlobalSection(ProjectConfigurationPlatforms) = postSolution
		{A8F68A22-654D-2A2E-CA20-CF0D7922E78A}.Debug|Any CPU.ActiveCfg = Debug|Any CPU
		{A8F68A22-654D-2A2E-CA20-CF0D7922E78A}.Debug|Any CPU.Build.0 = Debug|Any CPU
		{A8F68A22-654D-2A2E-CA20-CF0D7922E78A}.Release|Any CPU.ActiveCfg = Release|Any CPU
		{A8F68A22-654D-2A2E-CA20-CF0D7922E78A}.Release|Any CPU.Build.0 = Release|Any CPU
	EndGlobalSection
	GlobalSection(SolutionProperties) = preSolution
		HideSolutionNode = FALSE
	EndGlobalSection
	GlobalSection(NestedProjects) = preSolution
		{A8F68A22-654D-2A2E-CA20-CF0D7922E78A} = {827E0CD3-B72D-47B6-A68D-7590B98EB39B}
	EndGlobalSection
	GlobalSection(ExtensibilityGlobals) = postSolution
		SolutionGuid = {BD0C2C7B-7D0B-41E3-8FF1-36B842A00CDA}
	EndGlobalSection
EndGlobal
